<?xml version="1.0" encoding="utf-8"?>
<Project ToolsVersion="4.0" xmlns="http://schemas.microsoft.com/developer/msbuild/2003">
  <ItemGroup>
    <Filter Include="Source Files">
      <UniqueIdentifier>{4FC737F1-C7A5-4376-A066-2A32D752A2FF}</UniqueIdentifier>
      <Extensions>cpp;c;cc;cxx;c++;cppm;ixx;def;odl;idl;hpj;bat;asm;asmx</Extensions>
    </Filter>
    <Filter Include="Header Files">
      <UniqueIdentifier>{93995380-89BD-4b04-88EB-625FBE52EBFB}</UniqueIdentifier>
      <Extensions>h;hh;hpp;hxx;h++;hm;inl;inc;ipp;xsd</Extensions>
    </Filter>
    <Filter Include="Resource Files">
      <UniqueIdentifier>{67DA6AB6-F800-4c08-8B7A-83BB121AAD01}</UniqueIdentifier>
      <Extensions>rc;ico;cur;bmp;dlg;rc2;rct;bin;rgs;gif;jpg;jpeg;jpe;resx;tiff;tif;png;wav;mfcribbon-ms</Extensions>
    </Filter>
    <Filter Include="Header Files\TobiGameEngine">
      <UniqueIdentifier>{f5f3383d-1f63-4fe3-a6c2-9656a38ce01c}</UniqueIdentifier>
    </Filter>
    <Filter Include="Source Files\TobiGameEngine">
      <UniqueIdentifier>{778bffd2-02c3-40f6-8199-25cc208aca84}</UniqueIdentifier>
    </Filter>
  </ItemGroup>
  <ItemGroup>
    <ClCompile Include="src\Caelis Chaos.cpp">
      <Filter>Source Files</Filter>
    </ClCompile>
    <ClCompile Include="src\TobiGameEngine\RTS-utilities\Building.cpp">
      <Filter>Source Files\TobiGameEngine</Filter>
    </ClCompile>
    <ClCompile Include="src\TobiGameEngine\RTS-utilities\Entity.cpp">
      <Filter>Source Files\TobiGameEngine</Filter>
    </ClCompile>
    <ClCompile Include="src\TobiGameEngine\RTS-utilities\Player.cpp">
      <Filter>Source Files\TobiGameEngine</Filter>
    </ClCompile>
    <ClCompile Include="src\TobiGameEngine\RTS-utilities\Sprite.cpp">
      <Filter>Source Files\TobiGameEngine</Filter>
    </ClCompile>
    <ClCompile Include="src\TobiGameEngine\RTS-utilities\Unit.cpp">
      <Filter>Source Files\TobiGameEngine</Filter>
    </ClCompile>
    <ClCompile Include="src\TobiGameEngine\RTS-utilities\Projectile.cpp">
      <Filter>Source Files\TobiGameEngine</Filter>
    </ClCompile>
    <ClCompile Include="src\TobiGameEngine\LTexture.cpp">
      <Filter>Source Files</Filter>
    </ClCompile>
    <ClCompile Include="src\TobiGameEngine\LTimer.cpp">
      <Filter>Source Files</Filter>
    </ClCompile>
    <ClCompile Include="src\TobiGameEngine\GUI\Button.cpp">
      <Filter>Source Files</Filter>
    </ClCompile>
    <ClCompile Include="src\TobiGameEngine\GUI\TextBox.cpp">
      <Filter>Source Files</Filter>
    </ClCompile>
    <ClCompile Include="src\TobiGameEngine\GUI\Menu.cpp">
      <Filter>Source Files</Filter>
    </ClCompile>
    <ClCompile Include="src\TobiGameEngine\GUI\ListUI.cpp">
      <Filter>Source Files</Filter>
    </ClCompile>
  </ItemGroup>
  <ItemGroup>
    <ClInclude Include="enet-1.3.17\include\enet\enet.h">
      <Filter>Header Files</Filter>
    </ClInclude>
    <ClInclude Include="src\TobiGameEngine\RTS-utilities\Building.h">
      <Filter>Header Files\TobiGameEngine</Filter>
    </ClInclude>
    <ClInclude Include="src\TobiGameEngine\RTS-utilities\Entity.h">
      <Filter>Header Files\TobiGameEngine</Filter>
    </ClInclude>
    <ClInclude Include="src\TobiGameEngine\RTS-utilities\Player.h">
      <Filter>Header Files\TobiGameEngine</Filter>
    </ClInclude>
    <ClInclude Include="src\TobiGameEngine\RTS-utilities\Sprite.h">
      <Filter>Header Files\TobiGameEngine</Filter>
    </ClInclude>
    <ClInclude Include="src\TobiGameEngine\RTS-utilities\Unit.h">
      <Filter>Header Files\TobiGameEngine</Filter>
    </ClInclude>
    <ClInclude Include="src\TobiGameEngine\RTS-utilities\Projectile.h">
      <Filter>Header Files\TobiGameEngine</Filter>
    </ClInclude>
    <ClInclude Include="src\TobiGameEngine\TobiGameEngine.h">
      <Filter>Header Files\TobiGameEngine</Filter>
    </ClInclude>
    <ClInclude Include="vendor\SDL2\include\SDL.h">
      <Filter>Header Files</Filter>
    </ClInclude>
    <ClInclude Include="src\TobiGameEngine\LTexture.h">
      <Filter>Header Files</Filter>
    </ClInclude>
    <ClInclude Include="src\TobiGameEngine\LTimer.h">
      <Filter>Header Files</Filter>
    </ClInclude>
    <ClInclude Include="src\TobiGameEngine\GUI\Button.h">
      <Filter>Header Files</Filter>
    </ClInclude>
    <ClInclude Include="src\TobiGameEngine\GUI\TextBox.h">
      <Filter>Header Files</Filter>
    </ClInclude>
    <ClInclude Include="src\TobiGameEngine\GUI\Menu.h">
      <Filter>Header Files</Filter>
    </ClInclude>
    <ClInclude Include="src\TobiGameEngine\TMath.h">
      <Filter>Header Files</Filter>
    </ClInclude>
    <ClInclude Include="src\TobiGameEngine\GUI\ListUI.h">
      <Filter>Header Files</Filter>
    </ClInclude>
  </ItemGroup>
  <ItemGroup>
    <Image Include="res\textures\Footman2.png">
      <Filter>Resource Files</Filter>
    </Image>
    <Image Include="res\textures\Archer.png">
      <Filter>Resource Files</Filter>
    </Image>
    <Image Include="res\textures\BarracksLevel_1.png">
      <Filter>Resource Files</Filter>
    </Image>
    <Image Include="res\textures\BarracksLevel_2.png">
      <Filter>Resource Files</Filter>
    </Image>
    <Image Include="res\textures\BarracksLevel_3.png">
      <Filter>Resource Files</Filter>
    </Image>
    <Image Include="res\textures\BarracksLevel_4.png">
      <Filter>Resource Files</Filter>
    </Image>
    <Image Include="res\textures\BigBird.png">
      <Filter>Resource Files</Filter>
    </Image>
    <Image Include="res\textures\Bullet.png">
      <Filter>Resource Files</Filter>
    </Image>
    <Image Include="res\textures\Cannon.png">
      <Filter>Resource Files</Filter>
    </Image>
    <Image Include="res\textures\Footman.png">
      <Filter>Resource Files</Filter>
    </Image>
    <Image Include="res\textures\Fireball.png">
      <Filter>Resource Files</Filter>
    </Image>
    <Image Include="res\textures\Cannonball.png">
      <Filter>Resource Files</Filter>
    </Image>
    <Image Include="res\textures\FortressLevel_1.png">
      <Filter>Resource Files</Filter>
    </Image>
    <Image Include="res\textures\FortressLevel_2.png">
      <Filter>Resource Files</Filter>
    </Image>
    <Image Include="res\textures\FortressLevel_3.png">
      <Filter>Resource Files</Filter>
    </Image>
    <Image Include="res\textures\Mage.png">
      <Filter>Resource Files</Filter>
    </Image>
    <Image Include="res\textures\Knight.png">
      <Filter>Resource Files</Filter>
    </Image>
    <Image Include="res\textures\Tower.png">
      <Filter>Resource Files</Filter>
    </Image>
    <Image Include="res\textures\Tremendinius.png">
      <Filter>Resource Files</Filter>
    </Image>
    <Image Include="res\textures\Minigun.png">
      <Filter>Resource Files</Filter>
    </Image>
  </ItemGroup>
</Project>